
Microsoft Visual Studio Solution File, Format Version 12.00
# Visual Studio Version 17
VisualStudioVersion = 17.14.36310.24 d17.14
MinimumVisualStudioVersion = 10.0.40219.1
Project("{FAE04EC0-301F-11D3-BF4B-00C04F79EFBC}") = "PeopleStrong-API", "PeopleStrong-API.csproj", "{DE78EF5F-F984-4DF6-811E-8E4A515BCACC}"
EndProject
Global
	GlobalSection(SolutionConfigurationPlatforms) = preSolution
		Debug|Any CPU = Debug|Any CPU
		Release|Any CPU = Release|Any CPU
	EndGlobalSection
	GlobalSection(ProjectConfigurationPlatforms) = postSolution
		{DE78EF5F-F984-4DF6-811E-8E4A515BCACC}.Debug|Any CPU.ActiveCfg = Debug|Any CPU
		{DE78EF5F-F984-4DF6-811E-8E4A515BCACC}.Debug|Any CPU.Build.0 = Debug|Any CPU
		{DE78EF5F-F984-4DF6-811E-8E4A515BCACC}.Release|Any CPU.ActiveCfg = Release|Any CPU
		{DE78EF5F-F984-4DF6-811E-8E4A515BCACC}.Release|Any CPU.Build.0 = Release|Any CPU
	EndGlobalSection
	GlobalSection(SolutionProperties) = preSolution
		HideSolutionNode = FALSE
	EndGlobalSection
	GlobalSection(ExtensibilityGlobals) = postSolution
		SolutionGuid = {F0FFF2BE-1EAE-4739-8733-D8679FA67349}
	EndGlobalSection
EndGlobal
